aext-assistant @ file:///opt/miniconda3/conda-bld/aext-assistant_1761258964141/work
aext-assistant-server @ file:///opt/miniconda3/conda-bld/aext-assistant-server_1761255070530/work
aext-core @ file:///opt/miniconda3/conda-bld/aext-core_1761258409531/work
aext-core-server @ file:///opt/miniconda3/conda-bld/aext-core-server_1761254528092/work
aext-notebook-load-server @ file:///opt/miniconda3/conda-bld/aext-notebook-load-server_1761255250645/work/backend_lib/notebook_load
aext-panels @ file:///opt/miniconda3/conda-bld/aext-panels_1761258475033/work
aext-panels-server @ file:///opt/miniconda3/conda-bld/aext-panels-server_1761255201699/work
aext-project-filebrowser-server @ file:///opt/miniconda3/conda-bld/aext-project-filebrowser-server_1761260146600/work/backend_lib/project_filebrowser
aext-share-notebook-server @ file:///opt/miniconda3/conda-bld/aext-share-notebook-server_1761255302838/work
aext-shared @ file:///opt/miniconda3/conda-bld/aext-shared_1761252264523/work
aext-toolbox @ file:///opt/miniconda3/conda-bld/anaconda-toolbox_1761316923980/work
aext_environments_server @ file:///opt/miniconda3/conda-bld/aext-environments-server_1761261159142/work/backend_lib/environments
-e git+https://github.com/jason21wc/ai-governance-mcp.git@794925f20be279e416cc25dd62e0714002c4aa08#egg=ai_governance_mcp
aiobotocore @ file:///opt/miniconda3/conda-bld/aiobotocore_1760994135534/work
aiodns @ file:///opt/miniconda3/conda-bld/aiodns_1762184798270/work
aiofiles @ file:///private/var/folders/nz/j6p8yfhx1mv_0grj5xl4650h0000gp/T/abs_f56ag8l7kr/croot/aiofiles_1683773599608/work
aiohappyeyeballs @ file:///private/var/folders/nz/j6p8yfhx1mv_0grj5xl4650h0000gp/T/abs_86beu757ao/croot/aiohappyeyeballs_1755769847762/work
aiohttp @ file:///opt/miniconda3/conda-bld/aiohttp_1762519752475/work
aioitertools @ file:///private/var/folders/k1/30mswbxs7r1g6zwn8y4fyt500000gp/T/abs_1cfdb6fu8i/croot/aioitertools_1754313759051/work
aiosignal @ file:///private/var/folders/nz/j6p8yfhx1mv_0grj5xl4650h0000gp/T/abs_e3cjtbh902/croot/aiosignal_1755870814211/work
aiosqlite @ file:///private/var/folders/k1/30mswbxs7r1g6zwn8y4fyt500000gp/T/abs_7figa2ch7a/croot/aiosqlite_1750271031401/work
alabaster @ file:///opt/miniconda3/conda-bld/alabaster_1764709089331/work
alembic @ file:///opt/miniconda3/conda-bld/alembic_1763718300108/work
altair @ file:///opt/miniconda3/conda-bld/altair_1765528014763/work
anaconda-anon-usage @ file:///opt/miniconda3/conda-bld/anaconda-anon-usage_1764636648062/work
anaconda-auth @ file:///opt/miniconda3/conda-bld/anaconda-cloud-auth-split_1765839823743/work
anaconda-catalogs @ file:///opt/miniconda3/conda-bld/anaconda-catalogs_1764858970186/work
anaconda-cli-base @ file:///opt/miniconda3/conda-bld/anaconda-cli-base_1764888590075/work
anaconda-client @ file:///opt/miniconda3/conda-bld/anaconda-client_1763659293803/work
anaconda-navigator @ file:///private/var/folders/k1/30mswbxs7r1g6zwn8y4fyt500000gp/T/abs_c57zkjz1pq/croot/anaconda-navigator_1713464022634/work
anaconda-project @ file:///private/var/folders/k1/30mswbxs7r1g6zwn8y4fyt500000gp/T/abs_dcsecg0xhr/croot/anaconda-project_1746215306884/work
annotated-types @ file:///opt/miniconda3/conda-bld/annotated-types_1761744935789/work
anyio==4.11.0
appdirs==1.4.4
applaunchservices @ file:///Users/cbousseau/work/recipes/ci_py311/applaunchservices_1677955996025/work
appnope @ file:///private/var/folders/k1/30mswbxs7r1g6zwn8y4fyt500000gp/T/abs_46iquy4y0r/croot/appnope_1750774774351/work
appscript @ file:///opt/miniconda3/conda-bld/appscript_1761144338728/work
archspec @ file:///home/task_175812491784513/conda-bld/archspec_1758124989039/work
argon2-cffi @ file:///Users/ec2-user/croot/argon2-cffi_1766067824920/work
argon2-cffi-bindings @ file:///opt/miniconda3/conda-bld/argon2-cffi-bindings_1757924854450/work
arrow @ file:///opt/miniconda3/conda-bld/arrow_1761560634960/work
astroid @ file:///opt/miniconda3/conda-bld/astroid_1759355182246/work
astropy @ file:///opt/miniconda3/conda-bld/astropy_1762433858949/work
astropy-iers-data @ file:///opt/miniconda3/conda-bld/astropy-iers-data_1765445270517/work
asttokens @ file:///private/var/folders/nz/j6p8yfhx1mv_0grj5xl4650h0000gp/T/abs_11i8cnwuxs/croot/asttokens_1743630449718/work
async-lru @ file:///opt/miniconda3/conda-bld/async-lru_1761121449029/work
asyncssh @ file:///opt/miniconda3/conda-bld/asyncssh_1763120252944/work
atomicwrites==1.4.0
attrs @ file:///opt/miniconda3/conda-bld/attrs_1762356972456/work
Authlib==1.6.6
Automat @ file:///private/var/folders/k1/30mswbxs7r1g6zwn8y4fyt500000gp/T/abs_ddy0059olt/croot/automat_1743532570194/work
autopep8 @ file:///croot/autopep8_1708962882016/work
babel @ file:///opt/miniconda3/conda-bld/babel_1764159382137/work
backports.functools-lru-cache @ file:///tmp/build/80754af9/backports.functools_lru_cache_1618170165463/work
backports.tarfile @ file:///private/var/folders/k1/30mswbxs7r1g6zwn8y4fyt500000gp/T/abs_55zk1_cyd4/croot/backports.tarfile_1728485204138/work
backports.tempfile @ file:///home/linux1/recipes/ci/backports.tempfile_1610991236607/work
backports.weakref==1.0.post1
bandit==1.9.2
bcrypt @ file:///opt/miniconda3/conda-bld/bcrypt_1762875119719/work
beautifulsoup4 @ file:///opt/miniconda3/conda-bld/beautifulsoup4-split_1764159482030/work
binaryornot @ file:///tmp/build/80754af9/binaryornot_1617751525010/work
black @ file:///opt/miniconda3/conda-bld/black_1764168315484/work
bleach @ file:///opt/conda/conda-bld/bleach_1641577558959/work
blinker @ file:///opt/miniconda3/conda-bld/blinker_1764332137960/work
bokeh @ file:///opt/miniconda3/conda-bld/bokeh_1764240017904/work
boltons @ file:///private/var/folders/k1/30mswbxs7r1g6zwn8y4fyt500000gp/T/abs_97h34kncb9/croot/boltons_1751383736162/work
boolean.py==5.0
botocore @ file:///opt/miniconda3/conda-bld/botocore_1760965296734/work
Bottleneck @ file:///opt/miniconda3/conda-bld/bottleneck_1761937851559/work
Brotli @ file:///opt/miniconda3/conda-bld/brotli-split_1762371510525/work
brotlicffi @ file:///opt/miniconda3/conda-bld/brotlicffi_1764961161648/work
CacheControl==0.14.4
cachetools @ file:///opt/miniconda3/conda-bld/cachetools_1764867346551/work
cattrs @ file:///opt/miniconda3/conda-bld/cattrs_1761729025199/work
certifi @ file:///opt/miniconda3/conda-bld/certifi_1763135328017/work/certifi
cffi @ file:///opt/miniconda3/conda-bld/cffi_1761832774705/work
cfgv==3.5.0
chardet @ file:///private/var/folders/nz/j6p8yfhx1mv_0grj5xl4650h0000gp/T/abs_84vw02jazy/croot/chardet_1755516287623/work
charset-normalizer @ file:///opt/miniconda3/conda-bld/charset-normalizer_1761744820108/work
claude-agent-sdk==0.1.0
click @ file:///opt/miniconda3/conda-bld/click_1764332241191/work
cloudpickle @ file:///opt/miniconda3/conda-bld/cloudpickle_1764930390962/work
clyent==1.2.2
colorama @ file:///Users/cbousseau/work/recipes/ci_py311/colorama_1677925183444/work
colorcet @ file:///private/var/folders/k1/30mswbxs7r1g6zwn8y4fyt500000gp/T/abs_b4xbyn75js/croot/colorcet_1709758362167/work
comm @ file:///opt/miniconda3/conda-bld/comm_1763119153703/work
conda @ file:///opt/miniconda3/conda-bld/conda_1765567811485/work/conda-src
conda-build @ file:///opt/miniconda3/conda-bld/conda-build_1764886794416/work
conda-content-trust @ file:///private/var/folders/nz/j6p8yfhx1mv_0grj5xl4650h0000gp/T/abs_9fusbfzixa/croot/conda-content-trust_1714483157715/work
conda-libmamba-solver @ file:///C:/miniconda3/conda-bld/conda-libmamba-solver_1764245615235/work/src
conda-pack @ file:///private/var/folders/nz/j6p8yfhx1mv_0grj5xl4650h0000gp/T/abs_2di6h4dz14/croot/conda-pack_1752674269192/work
conda-package-handling @ file:///opt/miniconda3/conda-bld/conda-package-handling_1762366406298/work
conda-repo-cli @ file:///private/var/folders/k1/30mswbxs7r1g6zwn8y4fyt500000gp/T/abs_3bcd8slmov/croot/conda-repo-cli_1755793051377/work
conda-verify==3.4.2
conda_index @ file:///opt/miniconda3/conda-bld/conda-index_1761321700941/work
conda_package_streaming @ file:///opt/miniconda3/conda-bld/conda-package-streaming_1762361629533/work
constantly @ file:///private/var/folders/k1/30mswbxs7r1g6zwn8y4fyt500000gp/T/abs_efw7euxpjs/croot/constantly_1703165606144/work
contourpy @ file:///opt/miniconda3/conda-bld/contourpy_1763643921048/work
cookiecutter @ file:///private/var/folders/k1/30mswbxs7r1g6zwn8y4fyt500000gp/T/abs_a0vt3ucgws/croot/cookiecutter_1751313985915/work
coverage==7.13.0
cramjam @ file:///opt/miniconda3/conda-bld/cramjam_1762432973493/work
cryptography @ file:///opt/miniconda3/conda-bld/cryptography-split_1761931962722/work
cssselect @ file:///private/var/folders/k1/30mswbxs7r1g6zwn8y4fyt500000gp/T/abs_47oh46v5h0/croot/cssselect_1707339886455/work
cycler @ file:///Users/ec2-user/croot/cycler_1766067937020/work
cyclonedx-python-lib==11.6.0
cytoolz @ file:///opt/miniconda3/conda-bld/cytoolz_1764692833922/work
dask @ file:///Users/ec2-user/croot/dask-core_1766068746494/work
datashader @ file:///private/var/folders/k1/30mswbxs7r1g6zwn8y4fyt500000gp/T/abs_d9yhs528yz/croot/datashader_1756382875947/work
debugpy @ file:///opt/miniconda3/conda-bld/debugpy_1762421636036/work
decorator @ file:///opt/miniconda3/conda-bld/decorator_1757341235959/work
defusedxml @ file:///tmp/build/80754af9/defusedxml_1615228127516/work
diff-match-patch @ file:///Users/ktietz/demo/mc3/conda-bld/diff-match-patch_1630511840874/work
dill @ file:///opt/miniconda3/conda-bld/dill_1760096784330/work
distlib==0.4.0
distributed @ file:///Users/ec2-user/croot/distributed_1766082621268/work
distro @ file:///private/var/folders/nz/j6p8yfhx1mv_0grj5xl4650h0000gp/T/abs_ddkyz0575y/croot/distro_1714488254309/work
docstring-to-markdown @ file:///opt/miniconda3/conda-bld/docstring-to-markdown_1758626852121/work
docutils @ file:///opt/miniconda3/conda-bld/docutils_1761746646861/work
dparse==0.6.4
entrypoints @ file:///Users/cbousseau/work/recipes/ci_py311/entrypoints_1677911798787/work
et_xmlfile @ file:///private/var/folders/k1/30mswbxs7r1g6zwn8y4fyt500000gp/T/abs_29xjd2rw2y/croot/et_xmlfile_1756462494507/work
evalidate @ file:///private/var/folders/k1/30mswbxs7r1g6zwn8y4fyt500000gp/T/abs_26kv6ehh61/croot/evalidate_1743606021523/work
executing @ file:///opt/miniconda3/conda-bld/executing_1757061235776/work
fastjsonschema @ file:///opt/miniconda3/conda-bld/python-fastjsonschema_1763718719073/work
filelock==3.20.1
flake8 @ file:///private/var/folders/k1/30mswbxs7r1g6zwn8y4fyt500000gp/T/abs_91v8ac8dvq/croot/flake8_1726157185490/work
Flask @ file:///private/var/folders/k1/30mswbxs7r1g6zwn8y4fyt500000gp/T/abs_c5fr3f66m2/croot/flask_1756453130186/work
fonttools @ file:///opt/miniconda3/conda-bld/fonttools_1765445183405/work
frozendict @ file:///opt/miniconda3/conda-bld/frozendict_1761750665030/work
frozenlist @ file:///opt/miniconda3/conda-bld/frozenlist_1761062014040/work
fsspec @ file:///opt/miniconda3/conda-bld/fsspec_1762432465003/work
future @ file:///private/var/folders/nz/j6p8yfhx1mv_0grj5xl4650h0000gp/T/abs_b2s3o6ru17/croot/future_1730902800484/work
gensim @ file:///opt/miniconda3/conda-bld/gensim_1761651458971/work
gitdb @ file:///private/var/folders/nz/j6p8yfhx1mv_0grj5xl4650h0000gp/T/abs_82snifofrq/croot/gitdb_1753362128356/work
GitPython @ file:///opt/miniconda3/conda-bld/gitpython_1761291256693/work
gmpy2 @ file:///opt/miniconda3/conda-bld/gmpy2_1764747892573/work
greenlet @ file:///opt/miniconda3/conda-bld/greenlet_1757405393825/work
h11 @ file:///opt/miniconda3/conda-bld/h11_1761931260823/work
h5py @ file:///opt/miniconda3/conda-bld/h5py_1763997334166/work
HeapDict @ file:///Users/ktietz/demo/mc3/conda-bld/heapdict_1630598515714/work
hf-xet==1.2.0
holoviews @ file:///opt/miniconda3/conda-bld/holoviews_1763365057559/work
httpcore @ file:///private/var/folders/nz/j6p8yfhx1mv_0grj5xl4650h0000gp/T/abs_941yf7p5zt/croot/httpcore_1748526061031/work
httpx @ file:///opt/miniconda3/conda-bld/httpx_1760447187197/work
httpx-sse==0.4.1
huggingface-hub==0.36.0
hvplot @ file:///Users/ec2-user/croot/hvplot_1766440326837/work
hyperlink @ file:///tmp/build/80754af9/hyperlink_1610130746837/work
identify==2.6.15
idna @ file:///opt/miniconda3/conda-bld/idna_1761912005314/work
imagecodecs @ file:///opt/miniconda3/conda-bld/imagecodecs_1759335405076/work
ImageIO @ file:///opt/miniconda3/conda-bld/imageio_1762953994945/work
imagesize @ file:///Users/cbousseau/work/recipes/ci_py311/imagesize_1677932611633/work
imbalanced-learn @ file:///private/var/folders/k1/30mswbxs7r1g6zwn8y4fyt500000gp/T/abs_87z3fs6eek/croot/imbalanced-learn_1756460248240/work
importlib_metadata @ file:///opt/miniconda3/conda-bld/importlib_metadata-suite_1763996576777/work
incremental @ file:///croot/incremental_1743512672142/work
inflection==0.5.1
iniconfig @ file:///private/var/folders/k1/30mswbxs7r1g6zwn8y4fyt500000gp/T/abs_ba93zhdgbo/croot/iniconfig_1752653743225/work
intake @ file:///Users/ec2-user/croot/intake_1766006998265/work
intervaltree @ file:///Users/ktietz/demo/mc3/conda-bld/intervaltree_1630511889664/work
ipykernel @ file:///opt/miniconda3/conda-bld/ipykernel_1762946072373/work
ipympl @ file:///private/var/folders/k1/30mswbxs7r1g6zwn8y4fyt500000gp/T/abs_14cyhxskho/croot/ipympl_1752060849394/work
ipython @ file:///opt/miniconda3/conda-bld/ipython_1762789298678/work
ipython-genutils @ file:///tmp/build/80754af9/ipython_genutils_1606773439826/work
ipython_pygments_lexers @ file:///private/var/folders/k1/30mswbxs7r1g6zwn8y4fyt500000gp/T/abs_25fteymumy/croot/ipython_pygments_lexers_1744753256449/work
ipywidgets @ file:///opt/miniconda3/conda-bld/ipywidgets_1761560158361/work
isort @ file:///opt/miniconda3/conda-bld/isort_1760088985627/work
itemadapter @ file:///private/var/folders/k1/30mswbxs7r1g6zwn8y4fyt500000gp/T/abs_a4674aidcu/croot/itemadapter_1756733850172/work
itemloaders @ file:///private/var/folders/nz/j6p8yfhx1mv_0grj5xl4650h0000gp/T/abs_7ey3gdivap/croot/itemloaders_1743525753900/work
itsdangerous @ file:///private/var/folders/nz/j6p8yfhx1mv_0grj5xl4650h0000gp/T/abs_00jdi1gu23/croot/itsdangerous_1716533346702/work
jaraco.classes @ file:///private/var/folders/nz/j6p8yfhx1mv_0grj5xl4650h0000gp/T/abs_97dr4u6nc1/croot/jaraco.classes_1755516335437/work
jaraco.context @ file:///private/var/folders/k1/30mswbxs7r1g6zwn8y4fyt500000gp/T/abs_3cb0lc97bp/croot/jaraco.context_1728505023574/work
jaraco.functools @ file:///private/var/folders/nz/j6p8yfhx1mv_0grj5xl4650h0000gp/T/abs_91zaq5_008/croot/jaraco.functools_1740408121405/work
jedi @ file:///private/var/folders/k1/30mswbxs7r1g6zwn8y4fyt500000gp/T/abs_38ctoinnl0/croot/jedi_1733987402850/work
jellyfish @ file:///opt/miniconda3/conda-bld/jellyfish_1764243533215/work
Jinja2 @ file:///private/var/folders/k1/30mswbxs7r1g6zwn8y4fyt500000gp/T/abs_2cnn4kenrm/croot/jinja2_1741710859444/work
jmespath @ file:///private/var/folders/k1/30mswbxs7r1g6zwn8y4fyt500000gp/T/abs_369vjbb695/croot/jmespath_1700144575847/work
joblib @ file:///opt/miniconda3/conda-bld/joblib_1757926350367/work
json5 @ file:///opt/miniconda3/conda-bld/json5_1763718553673/work
jsonpatch @ file:///private/var/folders/k1/30mswbxs7r1g6zwn8y4fyt500000gp/T/abs_3ajyoz8zoj/croot/jsonpatch_1714483362270/work
jsonpointer @ file:///private/var/folders/k1/30mswbxs7r1g6zwn8y4fyt500000gp/T/abs_bdid71leqg/croot/jsonpointer_1753788445166/work
jsonschema @ file:///opt/miniconda3/conda-bld/jsonschema_1762459087465/work
jsonschema-specifications @ file:///opt/miniconda3/conda-bld/jsonschema-specifications_1762788416887/work
jupyter @ file:///private/var/folders/nz/j6p8yfhx1mv_0grj5xl4650h0000gp/T/abs_4eoc_4jij1/croot/jupyter_1737645814862/work
jupyter-console @ file:///private/var/folders/nz/j6p8yfhx1mv_0grj5xl4650h0000gp/T/abs_62liw5pns2/croot/jupyter_console_1679999641189/work
jupyter-events @ file:///opt/miniconda3/conda-bld/jupyter_events_1765813598965/work
jupyter-lsp @ file:///private/var/folders/nz/j6p8yfhx1mv_0grj5xl4650h0000gp/T/abs_b2ljixsllb/croot/jupyter-lsp-meta_1745827035021/work
jupyter-server-ydoc @ file:///private/var/folders/k1/30mswbxs7r1g6zwn8y4fyt500000gp/T/abs_06q_gfvqwb/croot/jupyter_server_ydoc_1752245774575/work
jupyter-ydoc @ file:///private/var/folders/k1/30mswbxs7r1g6zwn8y4fyt500000gp/T/abs_0dk9eitv_f/croot/jupyter_ydoc_1752245849533/work
jupyter_client @ file:///opt/miniconda3/conda-bld/jupyter_client_1762943081742/work
jupyter_core @ file:///opt/miniconda3/conda-bld/jupyter_core_1764588284546/work
jupyter_server @ file:///opt/miniconda3/conda-bld/jupyter_server_1764955081686/work
jupyter_server_fileid @ file:///private/var/folders/k1/30mswbxs7r1g6zwn8y4fyt500000gp/T/abs_c6fw363y26/croot/jupyter_server_fileid_1744724775955/work
jupyter_server_terminals @ file:///private/var/folders/nz/j6p8yfhx1mv_0grj5xl4650h0000gp/T/abs_ealwktxf9e/croot/jupyter_server_terminals_1744706715282/work
jupyterlab @ file:///opt/miniconda3/conda-bld/jupyterlab_1764604264134/work
jupyterlab_pygments @ file:///private/var/folders/nz/j6p8yfhx1mv_0grj5xl4650h0000gp/T/abs_42uijy7nfe/croot/jupyterlab_pygments_1741124161488/work
jupyterlab_server @ file:///opt/miniconda3/conda-bld/jupyterlab_server_1761751422360/work
jupyterlab_widgets @ file:///private/var/folders/k1/30mswbxs7r1g6zwn8y4fyt500000gp/T/abs_93oukz0049/croot/jupyterlab_widgets_1752066565004/work
keyring @ file:///opt/miniconda3/conda-bld/keyring_1763637274429/work
kiwisolver @ file:///opt/miniconda3/conda-bld/kiwisolver_1764159426452/work
lazy-object-proxy @ file:///opt/miniconda3/conda-bld/lazy-object-proxy_1761758485350/work
lazy_loader @ file:///private/var/folders/nz/j6p8yfhx1mv_0grj5xl4650h0000gp/T/abs_e4fhv6eyhq/croot/lazy_loader_1718176742928/work
lckr_jupyterlab_variableinspector @ file:///private/var/folders/k1/30mswbxs7r1g6zwn8y4fyt500000gp/T/abs_9arj0c61z0/croot/jupyterlab-variableinspector_1744638302188/work
libarchive-c @ file:///croot/python-libarchive-c_1726069797193/work
libmambapy @ file:///opt/miniconda3/conda-bld/mamba-split_1763111380359/work/libmambapy
license-expression==30.4.4
lief @ file:///opt/miniconda3/conda-bld/lief_1762942024194/work/api/python
linkify-it-py @ file:///opt/miniconda3/conda-bld/linkify-it-py_1758717829021/work
llvmlite @ file:///opt/miniconda3/conda-bld/llvmlite_1765874172360/work
lmdb @ file:///opt/miniconda3/conda-bld/python-lmdb_1764243618941/work
locket @ file:///Users/cbousseau/work/recipes/ci_py311/locket_1677925419801/work
lsprotocol @ file:///opt/miniconda3/conda-bld/lsprotocol_1759828567467/work/packages/python
lxml @ file:///opt/miniconda3/conda-bld/lxml_1764009710357/work
lz4 @ file:///opt/miniconda3/conda-bld/lz4_1762953994321/work
Mako @ file:///opt/miniconda3/conda-bld/mako_1758276740327/work
mamba_gator @ file:///private/var/folders/nz/j6p8yfhx1mv_0grj5xl4650h0000gp/T/abs_34dglnkz6w/croot/mamba_gator_1755044086835/work
Markdown @ file:///private/var/folders/nz/j6p8yfhx1mv_0grj5xl4650h0000gp/T/abs_c8yxkefe2v/croot/markdown_1746114450220/work
markdown-it-py @ file:///private/var/folders/nz/j6p8yfhx1mv_0grj5xl4650h0000gp/T/abs_43l_4ajkho/croot/markdown-it-py_1684279912406/work
MarkupSafe @ file:///private/var/folders/nz/j6p8yfhx1mv_0grj5xl4650h0000gp/T/abs_1f_uj4vxik/croot/markupsafe_1738584045311/work
marshmallow==4.1.2
matplotlib==3.10.7
matplotlib-inline @ file:///opt/miniconda3/conda-bld/matplotlib-inline_1762779171588/work
mccabe @ file:///opt/conda/conda-bld/mccabe_1644221741721/work
mcp==1.25.0
mdit-py-plugins @ file:///private/var/folders/k1/30mswbxs7r1g6zwn8y4fyt500000gp/T/abs_a1xgt3_h6l/croot/mdit-py-plugins_1756379990429/work
mdurl @ file:///opt/miniconda3/conda-bld/mdurl_1758552166200/work
menuinst @ file:///opt/miniconda3/conda-bld/menuinst_1765382370380/work
mistune @ file:///private/var/folders/nz/j6p8yfhx1mv_0grj5xl4650h0000gp/T/abs_5be80wp982/croot/mistune_1741123981908/work
more-itertools @ file:///opt/miniconda3/conda-bld/more-itertools_1761121532288/work
mpi4py @ file:///private/var/folders/k1/30mswbxs7r1g6zwn8y4fyt500000gp/T/abs_1d9xrt98j0/croot/mpi4py_1749458500372/work
mpmath @ file:///private/var/folders/k1/30mswbxs7r1g6zwn8y4fyt500000gp/T/abs_17iu6a8a3m/croot/mpmath_1690848269369/work
msgpack @ file:///private/var/folders/nz/j6p8yfhx1mv_0grj5xl4650h0000gp/T/abs_0d73gp34a_/croot/msgpack-python_1750958625811/work
multidict @ file:///opt/miniconda3/conda-bld/multidict_1760566705134/work
multipledispatch @ file:///opt/miniconda3/conda-bld/multipledispatch_1756978457267/work
munkres==1.1.4
mypy @ file:///opt/miniconda3/conda-bld/mypy-split_1761904854040/work
mypy-extensions @ file:///private/var/folders/k1/30mswbxs7r1g6zwn8y4fyt500000gp/T/abs_98zqpuwvro/croot/mypy_extensions_1695130957675/work
narwhals @ file:///opt/miniconda3/conda-bld/narwhals_1760003497039/work
navigator-updater @ file:///private/var/folders/k1/30mswbxs7r1g6zwn8y4fyt500000gp/T/abs_15xz58jgev/croot/navigator-updater_1718030392983/work
nbclassic @ file:///opt/miniconda3/conda-bld/nbclassic_1765189069215/work
nbclient @ file:///private/var/folders/k1/30mswbxs7r1g6zwn8y4fyt500000gp/T/abs_67j3qubf1d/croot/nbclient_1741124021022/work
nbconvert @ file:///private/var/folders/k1/30mswbxs7r1g6zwn8y4fyt500000gp/T/abs_e4p9a3fnm6/croot/nbconvert-meta_1741184656667/work
nbformat @ file:///private/var/folders/nz/j6p8yfhx1mv_0grj5xl4650h0000gp/T/abs_2cv_qoc1gw/croot/nbformat_1728049423516/work
nest-asyncio @ file:///private/var/folders/k1/30mswbxs7r1g6zwn8y4fyt500000gp/T/abs_310vb5e2a0/croot/nest-asyncio_1708532678212/work
networkx @ file:///opt/miniconda3/conda-bld/networkx_1765378630299/work
nltk @ file:///opt/miniconda3/conda-bld/nltk_1761121172914/work
nodeenv==1.10.0
notebook @ file:///opt/miniconda3/conda-bld/notebook_1764679842724/work
notebook_shim @ file:///private/var/folders/k1/30mswbxs7r1g6zwn8y4fyt500000gp/T/abs_ceoiz4k8qs/croot/notebook-shim_1741707775649/work
numba @ file:///opt/miniconda3/conda-bld/numba_1765905842581/work
numexpr @ file:///opt/miniconda3/conda-bld/numexpr_1762165519324/work
numpy @ file:///private/var/folders/k1/30mswbxs7r1g6zwn8y4fyt500000gp/T/abs_feerxblx2i/croot/numpy_and_numpy_base_1755590858426/work/dist/numpy-1.26.4-cp311-cp311-macosx_11_0_arm64.whl#sha256=90e2c7129858f82ac766ccb65eb8e3aeaa30c8027ce418831a97cf8376aa0ae2
numpydoc @ file:///private/var/folders/k1/30mswbxs7r1g6zwn8y4fyt500000gp/T/abs_aazhuhybib/croot/numpydoc_1750958634459/work
openpyxl @ file:///private/var/folders/nz/j6p8yfhx1mv_0grj5xl4650h0000gp/T/abs_96hhik4ygv/croot/openpyxl_1721752931204/work
overrides @ file:///opt/miniconda3/conda-bld/overrides_1762349088711/work
packageurl-python==0.17.6
packaging @ file:///opt/miniconda3/conda-bld/packaging_1761049079066/work
pandas @ file:///opt/miniconda3/conda-bld/pandas_1762332181524/work/dist/pandas-2.3.3-cp311-cp311-macosx_12_0_arm64.whl#sha256=202df5d53c23cfef62978a56a6ba62db241b6257dcda7ff087a13319aa75ac1f
pandocfilters @ file:///opt/miniconda3/conda-bld/pandocfilters_1756977617494/work
panel @ file:///opt/miniconda3/conda-bld/panel_1762899211544/work
param @ file:///opt/miniconda3/conda-bld/param_1764703503252/work
parsel @ file:///opt/miniconda3/conda-bld/parsel_1761560910081/work
parso @ file:///opt/miniconda3/conda-bld/parso_1762781703292/work
partd @ file:///private/var/folders/nz/j6p8yfhx1mv_0grj5xl4650h0000gp/T/abs_00gzvqt15t/croot/partd_1736803428764/work
pathlib @ file:///Users/ktietz/demo/mc3/conda-bld/pathlib_1629713961906/work
pathspec @ file:///opt/miniconda3/conda-bld/pathspec_1761820544600/work
patsy @ file:///private/var/folders/k1/30mswbxs7r1g6zwn8y4fyt500000gp/T/abs_387cydj4cl/croot/patsy_1738159938409/work
pexpect @ file:///opt/miniconda3/conda-bld/pexpect_1762535935939/work
pickleshare @ file:///tmp/build/80754af9/pickleshare_1606932040724/work
pillow @ file:///opt/miniconda3/conda-bld/pillow_1762528235719/work
pip-api==0.0.34
pip-requirements-parser==32.0.1
pip_audit==2.10.0
pkce @ file:///private/var/folders/k1/30mswbxs7r1g6zwn8y4fyt500000gp/T/abs_da285fiplp/croot/pkce_1690384839054/work
pkginfo @ file:///opt/miniconda3/conda-bld/pkginfo_1765439395484/work
platformdirs @ file:///opt/miniconda3/conda-bld/platformdirs_1762356624685/work
plotly @ file:///opt/miniconda3/conda-bld/plotly_1764254834273/work
pluggy @ file:///private/var/folders/nz/j6p8yfhx1mv_0grj5xl4650h0000gp/T/abs_bei6q1cvvt/croot/pluggy_1733169621717/work
ply==3.11
pre_commit==4.5.1
prometheus_client @ file:///private/var/folders/k1/30mswbxs7r1g6zwn8y4fyt500000gp/T/abs_26twdnhgbr/croot/prometheus_client_1744271763065/work
prompt_toolkit @ file:///opt/miniconda3/conda-bld/prompt-toolkit_1761744881146/work
propcache @ file:///opt/miniconda3/conda-bld/propcache_1765457313942/work
Protego @ file:///private/var/folders/k1/30mswbxs7r1g6zwn8y4fyt500000gp/T/abs_417x0vb4sd/croot/protego_1746474581924/work
protobuf==3.20.3
psutil @ file:///opt/miniconda3/conda-bld/psutil_1761896323688/work
ptyprocess @ file:///opt/miniconda3/conda-bld/ptyprocess_1762424170819/work/dist/ptyprocess-0.7.0-py2.py3-none-any.whl#sha256=3470be7f810474c8a2ecfcd6e02acc6aea8483ab595417fa4e336362a349933e
pure_eval @ file:///opt/miniconda3/conda-bld/pure_eval_1757067067189/work
py-cpuinfo @ file:///private/var/folders/nz/j6p8yfhx1mv_0grj5xl4650h0000gp/T/abs_1ai9qocl5v/croot/py-cpuinfo_1698068093370/work
py-serializable==2.1.0
pyarrow @ file:///private/var/folders/k1/30mswbxs7r1g6zwn8y4fyt500000gp/T/abs_7dissav55a/croot/pyarrow_1707330837493/work/python
pyasn1 @ file:///private/var/folders/k1/30mswbxs7r1g6zwn8y4fyt500000gp/T/abs_e7xd4dpfe0/croot/pyasn1_1729239794632/work
pyasn1_modules @ file:///private/var/folders/nz/j6p8yfhx1mv_0grj5xl4650h0000gp/T/abs_42zeqecgwx/croot/pyasn1-modules_1752042896598/work
pycares @ file:///private/var/folders/k1/30mswbxs7r1g6zwn8y4fyt500000gp/T/abs_b01dqj7707/croot/pycares_1756217969873/work
pycodestyle @ file:///private/var/folders/k1/30mswbxs7r1g6zwn8y4fyt500000gp/T/abs_7a9zakrbgk/croot/pycodestyle_1726150308557/work
pycosat @ file:///private/var/folders/nz/j6p8yfhx1mv_0grj5xl4650h0000gp/T/abs_61k1o_oje7/croot/pycosat_1736868429741/work
pycparser @ file:///opt/miniconda3/conda-bld/pycparser_1757496044852/work
pycrdt @ file:///private/var/folders/k1/30mswbxs7r1g6zwn8y4fyt500000gp/T/abs_1apujn56_c/croot/pycrdt_1744741590421/work
pycrdt-websocket @ file:///private/var/folders/nz/j6p8yfhx1mv_0grj5xl4650h0000gp/T/abs_f1wp1bbnir/croot/pycrdt-websocket_1744791536979/work
pyct @ file:///opt/miniconda3/conda-bld/pyct_1759932142994/work
pycurl @ file:///opt/miniconda3/conda-bld/pycurl_1761131844263/work
pydantic==2.11.9
pydantic-settings==2.11.0
pydantic_core==2.33.2
pydeck @ file:///Users/cbousseau/work/recipes/ci_py311/pydeck_1677961369557/work
PyDispatcher @ file:///private/var/folders/nz/j6p8yfhx1mv_0grj5xl4650h0000gp/T/abs_13nh1jwrtr/croot/pydispatcher_1750159269550/work
pydocstyle @ file:///Users/cbousseau/work/recipes/ci_py311/pydocstyle_1677933616104/work
pyerfa @ file:///opt/miniconda3/conda-bld/pyerfa_1764837918832/work
pyflakes @ file:///private/var/folders/k1/30mswbxs7r1g6zwn8y4fyt500000gp/T/abs_bbjb40dmuh/croot/pyflakes_1708962969108/work
PyGithub @ file:///opt/miniconda3/conda-bld/pygithub_1762271585625/work
Pygments @ file:///opt/miniconda3/conda-bld/pygments_1762431577787/work
PyJWT @ file:///opt/miniconda3/conda-bld/pyjwt_1764332085133/work
pylint @ file:///private/var/folders/k1/30mswbxs7r1g6zwn8y4fyt500000gp/T/abs_0fxe7_ejq0/croot/pylint_1756455539834/work
pylint-venv @ file:///private/var/folders/k1/30mswbxs7r1g6zwn8y4fyt500000gp/T/abs_80rsj1kckp/croot/pylint-venv_1709837627074/work
pyls-spyder==0.4.0
Pympler @ file:///private/var/folders/nz/j6p8yfhx1mv_0grj5xl4650h0000gp/T/abs_edglgo71o4/croot/pympler_1754410433571/work
PyNaCl @ file:///opt/miniconda3/conda-bld/pynacl_1758891966067/work
pyobjc-core @ file:///opt/miniconda3/conda-bld/pyobjc-core_1763629856928/work
pyobjc-framework-Cocoa @ file:///opt/miniconda3/conda-bld/pyobjc-framework-cocoa_1763651373625/work
pyobjc-framework-CoreServices @ file:///opt/miniconda3/conda-bld/pyobjc-framework-coreservices_1763975794346/work
pyobjc-framework-FSEvents @ file:///opt/miniconda3/conda-bld/pyobjc-framework-fsevents_1763720524197/work
pyodbc @ file:///opt/miniconda3/conda-bld/pyodbc_1761670414321/work
pyOpenSSL @ file:///opt/miniconda3/conda-bld/pyopenssl_1762166536590/work
pyparsing @ file:///opt/miniconda3/conda-bld/pyparsing_1763973786267/work
PyQt5==5.15.11
PyQt5_sip @ file:///opt/miniconda3/conda-bld/pyqt-split_1764009017366/work/pyqt_sip
PyQtWebEngine==5.15.7
PySocks @ file:///opt/miniconda3/conda-bld/pysocks_1761753010242/work
pytest @ file:///opt/miniconda3/conda-bld/pytest_1758124897604/work
pytest-asyncio==1.3.0
pytest-cov==7.0.0
python-dateutil @ file:///private/var/folders/k1/30mswbxs7r1g6zwn8y4fyt500000gp/T/abs_66ud1l42_h/croot/python-dateutil_1716495741162/work
python-dotenv @ file:///private/var/folders/nz/j6p8yfhx1mv_0grj5xl4650h0000gp/T/abs_0bqseadoho/croot/python-dotenv_1745610246418/work
python-json-logger @ file:///opt/miniconda3/conda-bld/python-json-logger_1764590078674/work
python-lsp-black @ file:///private/var/folders/k1/30mswbxs7r1g6zwn8y4fyt500000gp/T/abs_27y6e_0rf3/croot/python-lsp-black_1744023216832/work
python-lsp-jsonrpc @ file:///croot/python-lsp-jsonrpc_1708962872556/work
python-lsp-ruff @ file:///opt/miniconda3/conda-bld/python-lsp-ruff_1759832185657/work
python-lsp-server @ file:///opt/miniconda3/conda-bld/python-lsp-server_1759829129637/work
python-multipart==0.0.20
python-slugify @ file:///private/var/folders/k1/30mswbxs7r1g6zwn8y4fyt500000gp/T/abs_9393c95h1l/croot/python-slugify_1756294065290/work
python-snappy @ file:///private/var/folders/k1/30mswbxs7r1g6zwn8y4fyt500000gp/T/abs_340gnl_srg/croot/python-snappy_1741709279713/work
pytokens @ file:///opt/miniconda3/conda-bld/pytokens_1764151718214/work
pytoolconfig @ file:///private/var/folders/k1/30mswbxs7r1g6zwn8y4fyt500000gp/T/abs_c0c43xm9fv/croot/pytoolconfig_1701728714940/work
pytz @ file:///private/var/folders/k1/30mswbxs7r1g6zwn8y4fyt500000gp/T/abs_3bjczh6it0/croot/pytz_1752135865541/work
pyuca @ file:///private/var/folders/nz/j6p8yfhx1mv_0grj5xl4650h0000gp/T/abs_73g7x36d2k/croot/pyuca_1726251451144/work
pyviz_comms @ file:///opt/miniconda3/conda-bld/pyviz_comms_1758102125333/work
PyWavelets @ file:///private/var/folders/k1/30mswbxs7r1g6zwn8y4fyt500000gp/T/abs_72w3dbiyom/croot/pywavelets_1756715672224/work
PyYAML @ file:///opt/miniconda3/conda-bld/pyyaml_1763465492937/work
pyzmq @ file:///opt/miniconda3/conda-bld/pyzmq_1762375616040/work
QDarkStyle @ file:///croot/qdarkstyle_1709231003551/work
qstylizer @ file:///Users/cbousseau/work/recipes/ci_py311/qstylizer_1678072198813/work/dist/qstylizer-0.2.2-py2.py3-none-any.whl
QtAwesome @ file:///private/var/folders/nz/j6p8yfhx1mv_0grj5xl4650h0000gp/T/abs_9amch1jn0e/croot/qtawesome_1744810814648/work
qtconsole @ file:///opt/miniconda3/conda-bld/qtconsole_1758748642243/work
QtPy @ file:///opt/miniconda3/conda-bld/qtpy_1757531017820/work
queuelib @ file:///opt/miniconda3/conda-bld/queuelib_1762896903763/work
rank-bm25==0.2.2
readchar @ file:///opt/miniconda3/conda-bld/readchar_1760613279651/work
referencing @ file:///opt/miniconda3/conda-bld/referencing_1762536886664/work
regex @ file:///opt/miniconda3/conda-bld/regex_1765378752018/work
requests @ file:///opt/miniconda3/conda-bld/requests_1762359591792/work
requests-file @ file:///private/var/folders/k1/30mswbxs7r1g6zwn8y4fyt500000gp/T/abs_bfbabejyv2/croot/requests-file_1749719739174/work
requests-toolbelt @ file:///private/var/folders/k1/30mswbxs7r1g6zwn8y4fyt500000gp/T/abs_3fee1fr2ex/croot/requests-toolbelt_1690874011813/work
rfc3339-validator @ file:///private/var/folders/nz/j6p8yfhx1mv_0grj5xl4650h0000gp/T/abs_76ae5cu30h/croot/rfc3339-validator_1683077051957/work
rfc3986-validator @ file:///private/var/folders/nz/j6p8yfhx1mv_0grj5xl4650h0000gp/T/abs_d0l5zd97kt/croot/rfc3986-validator_1683058998431/work
rich @ file:///opt/miniconda3/conda-bld/rich_1760375481681/work
roman-numerals-py @ file:///private/var/folders/nz/j6p8yfhx1mv_0grj5xl4650h0000gp/T/abs_23k02cxtth/croot/roman-numerals-py_1744666286067/work
rope @ file:///opt/miniconda3/conda-bld/rope_1762431631480/work
rpds-py @ file:///opt/miniconda3/conda-bld/rpds-py_1762366478996/work
rtree @ file:///private/var/folders/nz/j6p8yfhx1mv_0grj5xl4650h0000gp/T/abs_e11g4tz883/croot/rtree_1755874873623/work
ruamel-yaml-conda @ file:///Users/cbousseau/work/recipes/ci_py311/ruamel_yaml_1677961911260/work
ruamel.yaml @ file:///opt/miniconda3/conda-bld/ruamel.yaml_1762535957717/work
ruamel.yaml.clib @ file:///opt/miniconda3/conda-bld/ruamel.yaml.clib_1762530068978/work
ruff @ file:///private/var/folders/nz/j6p8yfhx1mv_0grj5xl4650h0000gp/T/abs_e52uhuf6xo/croot/ruff_1750775767642/work
s3fs @ file:///opt/miniconda3/conda-bld/s3fs_1763105772933/work
safetensors==0.7.0
safety==3.7.0
safety-schemas==0.0.16
scikit-image @ file:///opt/miniconda3/conda-bld/scikit-image_1764772821523/work
scikit-learn @ file:///opt/miniconda3/conda-bld/scikit-learn_1764838070703/work
scipy @ file:///opt/miniconda3/conda-bld/scipy_1762194749537/work/dist/scipy-1.16.3-cp311-cp311-macosx_12_0_arm64.whl#sha256=41d45d75f1d72e7a757f80e074035f65ef5c4be37f708d353776f16dbc3ffcec
Scrapy @ file:///opt/miniconda3/conda-bld/scrapy_1764254637071/work
seaborn @ file:///private/var/folders/nz/j6p8yfhx1mv_0grj5xl4650h0000gp/T/abs_74n8m1zz4r/croot/seaborn_1749110344248/work
semver @ file:///opt/miniconda3/conda-bld/semver_1761903025004/work
Send2Trash @ file:///private/var/folders/k1/30mswbxs7r1g6zwn8y4fyt500000gp/T/abs_a6shz7yg5h/croot/send2trash_1736541353497/work
sentence-transformers==5.2.0
sentry-sdk @ file:///opt/miniconda3/conda-bld/sentry-sdk_1763721176524/work
service-identity @ file:///private/var/folders/k1/30mswbxs7r1g6zwn8y4fyt500000gp/T/abs_bcsu3iimeq/croot/service_identity_1749714989457/work
shellingham @ file:///opt/miniconda3/conda-bld/shellingham_1761912204076/work
sip @ file:///private/var/folders/k1/30mswbxs7r1g6zwn8y4fyt500000gp/T/abs_35c2v0osra/croot/sip_1756223384493/work
six @ file:///private/var/folders/k1/30mswbxs7r1g6zwn8y4fyt500000gp/T/abs_03myqm7p6o/croot/six_1744271511946/work
smart_open @ file:///opt/miniconda3/conda-bld/smart_open_1757580764545/work
smmap @ file:///private/var/folders/k1/30mswbxs7r1g6zwn8y4fyt500000gp/T/abs_dd873u6eqt/croot/smmap_1752748959979/work
sniffio @ file:///opt/miniconda3/conda-bld/sniffio_1764329150716/work
snowballstemmer @ file:///private/var/folders/k1/30mswbxs7r1g6zwn8y4fyt500000gp/T/abs_06xl53gun3/croot/snowballstemmer_1756710203470/work
sortedcontainers @ file:///tmp/build/80754af9/sortedcontainers_1623949099177/work
soupsieve @ file:///private/var/folders/k1/30mswbxs7r1g6zwn8y4fyt500000gp/T/abs_9798xzs_03/croot/soupsieve_1696347567192/work
Sphinx @ file:///opt/miniconda3/conda-bld/sphinx_1764939849476/work
sphinxcontrib-applehelp @ file:///croot/sphinxcontrib-applehelp_1744721330488/work
sphinxcontrib-devhelp @ file:///croot/sphinxcontrib-devhelp_1744727995579/work
sphinxcontrib-htmlhelp @ file:///croot/sphinxcontrib-htmlhelp_1744718370019/work
sphinxcontrib-jsmath @ file:///home/ktietz/src/ci/sphinxcontrib-jsmath_1611920942228/work
sphinxcontrib-qthelp @ file:///croot/sphinxcontrib-qthelp_1744721051257/work
sphinxcontrib-serializinghtml @ file:///croot/sphinxcontrib-serializinghtml_1744724097162/work
spyder @ file:///opt/miniconda3/conda-bld/spyder_1763760989481/work
spyder-kernels @ file:///opt/miniconda3/conda-bld/spyder-kernels_1764762057062/work
SQLAlchemy @ file:///private/var/folders/k1/30mswbxs7r1g6zwn8y4fyt500000gp/T/abs_64hfvudz6k/croot/sqlalchemy_1756710322669/work
sqlite-anyio @ file:///private/var/folders/k1/30mswbxs7r1g6zwn8y4fyt500000gp/T/abs_3cosqxgrz9/croot/sqlite-anyio_1744724932478/work
sse-starlette==3.0.2
stack_data @ file:///opt/miniconda3/conda-bld/stack_data_1757067039886/work
starlette==0.48.0
statsmodels @ file:///opt/miniconda3/conda-bld/statsmodels_1765532954327/work
stevedore==5.6.0
streamlit @ file:///Users/cbousseau/work/recipes/ci_py311_2/streamlit_1678995946512/work
superqt @ file:///opt/miniconda3/conda-bld/superqt_1758274740631/work
sympy @ file:///opt/miniconda3/conda-bld/sympy_1764762956189/work
tables @ file:///private/var/folders/k1/30mswbxs7r1g6zwn8y4fyt500000gp/T/abs_ddus262lcs/croot/pytables_1748447944347/work
tabulate @ file:///private/var/folders/k1/30mswbxs7r1g6zwn8y4fyt500000gp/T/abs_a301xhcsz1/croot/tabulate_1701354815389/work
tblib @ file:///private/var/folders/nz/j6p8yfhx1mv_0grj5xl4650h0000gp/T/abs_f6243h3wjj/croot/tblib_1749735192424/work
tenacity @ file:///opt/miniconda3/conda-bld/tenacity_1760375526914/work
terminado @ file:///opt/miniconda3/conda-bld/terminado_1757934760294/work
text-unidecode @ file:///Users/ktietz/demo/mc3/conda-bld/text-unidecode_1629401354553/work
textdistance @ file:///private/var/folders/k1/30mswbxs7r1g6zwn8y4fyt500000gp/T/abs_ef9qmeucrx/croot/textdistance_1751314510723/work
threadpoolctl @ file:///opt/miniconda3/conda-bld/threadpoolctl_1764361580622/work
three-merge @ file:///tmp/build/80754af9/three-merge_1607553261110/work
tifffile @ file:///private/var/folders/nz/j6p8yfhx1mv_0grj5xl4650h0000gp/T/abs_42uci1i1jo/croot/tifffile_1734340919376/work
tinycss2 @ file:///opt/miniconda3/conda-bld/tinycss2_1764948936749/work
tldextract @ file:///private/var/folders/k1/30mswbxs7r1g6zwn8y4fyt500000gp/T/abs_86f1bw02kg/croot/tldextract_1723064389239/work
tokenizers==0.22.1
toml @ file:///tmp/build/80754af9/toml_1616166611790/work
tomli @ file:///private/var/folders/k1/30mswbxs7r1g6zwn8y4fyt500000gp/T/abs_03b1up8uh3/croot/tomli_1753774598375/work
tomli_w==1.2.0
tomlkit @ file:///opt/miniconda3/conda-bld/tomlkit_1762896636836/work
toolz @ file:///opt/miniconda3/conda-bld/toolz_1764677592367/work
torch==2.9.1
tornado @ file:///Users/ec2-user/croot/tornado_1765992648472/work
tqdm @ file:///opt/miniconda3/conda-bld/tqdm_1762863351517/work
traitlets @ file:///private/var/folders/k1/30mswbxs7r1g6zwn8y4fyt500000gp/T/abs_500m2_1wyk/croot/traitlets_1718227071952/work
transformers==4.57.3
truststore @ file:///opt/miniconda3/conda-bld/truststore_1762520925604/work
Twisted @ file:///opt/miniconda3/conda-bld/twisted_1762252445777/work
typer==0.21.0
typer-slim==0.20.0
typing-inspection @ file:///opt/miniconda3/conda-bld/typing-inspection_1760614169328/work
typing_extensions @ file:///private/var/folders/k1/30mswbxs7r1g6zwn8y4fyt500000gp/T/abs_dffmcwqo6o/croot/typing_extensions_1756281471323/work
tzdata @ file:///croot/python-tzdata_1746123641790/work
tzlocal @ file:///opt/miniconda3/conda-bld/tzlocal_1763120260030/work
uc-micro-py @ file:///opt/miniconda3/conda-bld/uc-micro-py_1758552121027/work
ujson @ file:///opt/miniconda3/conda-bld/ujson_1763119195981/work
Unidecode @ file:///opt/miniconda3/conda-bld/unidecode_1762431590130/work
urllib3 @ file:///opt/miniconda3/conda-bld/urllib3_1765399198897/work
uvicorn==0.37.0
uvloop @ file:///opt/miniconda3/conda-bld/uvloop_1762175502795/work
validators @ file:///Users/ec2-user/croot/validators_1766076552903/work
virtualenv==20.35.4
w3lib @ file:///opt/miniconda3/conda-bld/w3lib_1764240067736/work
watchdog @ file:///private/var/folders/k1/30mswbxs7r1g6zwn8y4fyt500000gp/T/abs_17oci7qz55/croot/watchdog_1740409923753/work
wcwidth @ file:///private/var/folders/k1/30mswbxs7r1g6zwn8y4fyt500000gp/T/abs_8el7txr34i/croot/wcwidth_1750352901095/work
webencodings==0.5.1
websocket-client @ file:///private/var/folders/nz/j6p8yfhx1mv_0grj5xl4650h0000gp/T/abs_d37u7gqts8/croot/websocket-client_1715878310260/work
Werkzeug @ file:///private/var/folders/k1/30mswbxs7r1g6zwn8y4fyt500000gp/T/abs_87am5fxnsf/croot/werkzeug_1737448721856/work
whatthepatch @ file:///opt/miniconda3/conda-bld/whatthepatch_1758276653248/work
widgetsnbextension @ file:///opt/miniconda3/conda-bld/widgetsnbextension_1761556742499/work
wrapt @ file:///private/var/folders/nz/j6p8yfhx1mv_0grj5xl4650h0000gp/T/abs_30cvf__dq_/croot/wrapt_1736541623359/work
wurlitzer @ file:///opt/miniconda3/conda-bld/wurlitzer_1756979035953/work
xarray @ file:///opt/miniconda3/conda-bld/xarray_1761080735376/work
xlwings @ file:///opt/miniconda3/conda-bld/xlwings_1764932305549/work
xyzservices @ file:///opt/miniconda3/conda-bld/xyzservices_1758720201868/work
y-py @ file:///private/var/folders/nz/j6p8yfhx1mv_0grj5xl4650h0000gp/T/abs_60insz877g/croot/y-py_1741380027650/work
yapf @ file:///opt/miniconda3/conda-bld/yapf_1761560473948/work
yarl @ file:///opt/miniconda3/conda-bld/yarl_1762250141699/work
ypy-websocket @ file:///private/var/folders/k1/30mswbxs7r1g6zwn8y4fyt500000gp/T/abs_71y663ol2s/croot/ypy-websocket_1726065557981/work
zict @ file:///opt/miniconda3/conda-bld/zict_1764604319466/work
zipp @ file:///opt/miniconda3/conda-bld/zipp_1763977856657/work
zope.interface @ file:///opt/miniconda3/conda-bld/zope.interface_1762336926989/work
zstandard @ file:///opt/miniconda3/conda-bld/zstandard_1758189077760/work
